// !$*UTF8*$!
{
	archiveVersion = 1;
	classes = {
	};
	objectVersion = 50;
	objects = {

/* Begin PBXBuildFile section */
		155658B22212272500F526EF /* AppDelegate.swift in Sources */ = {isa = PBXBuildFile; fileRef = 155658B12212272500F526EF /* AppDelegate.swift */; };
		155658B42212272500F526EF /* ViewController.swift in Sources */ = {isa = PBXBuildFile; fileRef = 155658B32212272500F526EF /* ViewController.swift */; };
		155658B72212272500F526EF /* Main.storyboard in Resources */ = {isa = PBXBuildFile; fileRef = 155658B52212272500F526EF /* Main.storyboard */; };
		155658B92212272600F526EF /* Assets.xcassets in Resources */ = {isa = PBXBuildFile; fileRef = 155658B82212272600F526EF /* Assets.xcassets */; };
		155658BC2212272600F526EF /* LaunchScreen.storyboard in Resources */ = {isa = PBXBuildFile; fileRef = 155658BA2212272600F526EF /* LaunchScreen.storyboard */; };
		155658C72212272600F526EF /* twitterTests.swift in Sources */ = {isa = PBXBuildFile; fileRef = 155658C62212272600F526EF /* twitterTests.swift */; };
		155658D22212272600F526EF /* twitterUITests.swift in Sources */ = {isa = PBXBuildFile; fileRef = 155658D12212272600F526EF /* twitterUITests.swift */; };
/* End PBXBuildFile section */

/* Begin PBXContainerItemProxy section */
		155658C32212272600F526EF /* PBXContainerItemProxy */ = {
			isa = PBXContainerItemProxy;
			containerPortal = 155658A62212272500F526EF /* Project object */;
			proxyType = 1;
			remoteGlobalIDString = 155658AD2212272500F526EF;
			remoteInfo = twitter;
		};
		155658CE2212272600F526EF /* PBXContainerItemProxy */ = {
			isa = PBXContainerItemProxy;
			containerPortal = 155658A62212272500F526EF /* Project object */;
			proxyType = 1;
			remoteGlobalIDString = 155658AD2212272500F526EF;
			remoteInfo = twitter;
		};
/* End PBXContainerItemProxy section */

/* Begin PBXFileReference section */
		155658AE2212272500F526EF /* twitter.app */ = {isa = PBXFileReference; explicitFileType = wrapper.application; includeInIndex = 0; path = twitter.app; sourceTree = BUILT_PRODUCTS_DIR; };
		155658B12212272500F526EF /* AppDelegate.swift */ = {isa = PBXFileReference; lastKnownFileType = sourcecode.swift; path = AppDelegate.swift; sourceTree = "<group>"; };
		155658B32212272500F526EF /* ViewController.swift */ = {isa = PBXFileReference; lastKnownFileType = sourcecode.swift; path = ViewController.swift; sourceTree = "<group>"; };
		155658B62212272500F526EF /* Base */ = {isa = PBXFileReference; lastKnownFileType = file.storyboard; name = Base; path = Base.lproj/Main.storyboard; sourceTree = "<group>"; };
		155658B82212272600F526EF /* Assets.xcassets */ = {isa = PBXFileReference; lastKnownFileType = folder.assetcatalog; path = Assets.xcassets; sourceTree = "<group>"; };
		155658BB2212272600F526EF /* Base */ = {isa = PBXFileReference; lastKnownFileType = file.storyboard; name = Base; path = Base.lproj/LaunchScreen.storyboard; sourceTree = "<group>"; };
		155658BD2212272600F526EF /* Info.plist */ = {isa = PBXFileReference; lastKnownFileType = text.plist.xml; path = Info.plist; sourceTree = "<group>"; };
		155658C22212272600F526EF /* twitterTests.xctest */ = {isa = PBXFileReference; explicitFileType = wrapper.cfbundle; includeInIndex = 0; path = twitterTests.xctest; sourceTree = BUILT_PRODUCTS_DIR; };
		155658C62212272600F526EF /* twitterTests.swift */ = {isa = PBXFileReference; lastKnownFileType = sourcecode.swift; path = twitterTests.swift; sourceTree = "<group>"; };
		155658C82212272600F526EF /* Info.plist */ = {isa = PBXFileReference; lastKnownFileType = text.plist.xml; path = Info.plist; sourceTree = "<group>"; };
		155658CD2212272600F526EF /* twitterUITests.xctest */ = {isa = PBXFileReference; explicitFileType = wrapper.cfbundle; includeInIndex = 0; path = twitterUITests.xctest; sourceTree = BUILT_PRODUCTS_DIR; };
		155658D12212272600F526EF /* twitterUITests.swift */ = {isa = PBXFileReference; lastKnownFileType = sourcecode.swift; path = twitterUITests.swift; sourceTree = "<group>"; };
		155658D32212272600F526EF /* Info.plist */ = {isa = PBXFileReference; lastKnownFileType = text.plist.xml; path = Info.plist; sourceTree = "<group>"; };
/* End PBXFileReference section */

/* Begin PBXFrameworksBuildPhase section */
		155658AB2212272500F526EF /* Frameworks */ = {
			isa = PBXFrameworksBuildPhase;
			buildActionMask = 2147483647;
			files = (
			);
			runOnlyForDeploymentPostprocessing = 0;
		};
		155658BF2212272600F526EF /* Frameworks */ = {
			isa = PBXFrameworksBuildPhase;
			buildActionMask = 2147483647;
			files = (
			);
			runOnlyForDeploymentPostprocessing = 0;
		};
		155658CA2212272600F526EF /* Frameworks */ = {
			isa = PBXFrameworksBuildPhase;
			buildActionMask = 2147483647;
			files = (
			);
			runOnlyForDeploymentPostprocessing = 0;
		};
/* End PBXFrameworksBuildPhase section */

/* Begin PBXGroup section */
		155658A52212272500F526EF = {
			isa = PBXGroup;
			children = (
				155658B02212272500F526EF /* twitter */,
				155658C52212272600F526EF /* twitterTests */,
				155658D02212272600F526EF /* twitterUITests */,
				155658AF2212272500F526EF /* Products */,
			);
			sourceTree = "<group>";
		};
		155658AF2212272500F526EF /* Products */ = {
			isa = PBXGroup;
			children = (
				155658AE2212272500F526EF /* twitter.app */,
				155658C22212272600F526EF /* twitterTests.xctest */,
				155658CD2212272600F526EF /* twitterUITests.xctest */,
			);
			name = Products;
			sourceTree = "<group>";
		};
		155658B02212272500F526EF /* twitter */ = {
			isa = PBXGroup;
			children = (
				155658B12212272500F526EF /* AppDelegate.swift */,
				155658B32212272500F526EF /* ViewController.swift */,
				155658B52212272500F526EF /* Main.storyboard */,
				155658B82212272600F526EF /* Assets.xcassets */,
				155658BA2212272600F526EF /* LaunchScreen.storyboard */,
				155658BD2212272600F526EF /* Info.plist */,
			);
			path = twitter;
			sourceTree = "<group>";
		};
		155658C52212272600F526EF /* twitterTests */ = {
			isa = PBXGroup;
			children = (
				155658C62212272600F526EF /* twitterTests.swift */,
				155658C82212272600F526EF /* Info.plist */,
			);
			path = twitterTests;
			sourceTree = "<group>";
		};
		155658D02212272600F526EF /* twitterUITests */ = {
			isa = PBXGroup;
			children = (
				155658D12212272600F526EF /* twitterUITests.swift */,
				155658D32212272600F526EF /* Info.plist */,
			);
			path = twitterUITests;
			sourceTree = "<group>";
		};
/* End PBXGroup section */

/* Begin PBXNativeTarget section */
		155658AD2212272500F526EF /* twitter */ = {
			isa = PBXNativeTarget;
			buildConfigurationList = 155658D62212272600F526EF /* Build configuration list for PBXNativeTarget "twitter" */;
			buildPhases = (
				155658AA2212272500F526EF /* Sources */,
				155658AB2212272500F526EF /* Frameworks */,
				155658AC2212272500F526EF /* Resources */,
			);
			buildRules = (
			);
			dependencies = (
			);
			name = twitter;
			productName = twitter;
			productReference = 155658AE2212272500F526EF /* twitter.app */;
			productType = "com.apple.product-type.application";
		};
		155658C12212272600F526EF /* twitterTests */ = {
			isa = PBXNativeTarget;
			buildConfigurationList = 155658D92212272600F526EF /* Build configuration list for PBXNativeTarget "twitterTests" */;
			buildPhases = (
				155658BE2212272600F526EF /* Sources */,
				155658BF2212272600F526EF /* Frameworks */,
				155658C02212272600F526EF /* Resources */,
			);
			buildRules = (
			);
			dependencies = (
				155658C42212272600F526EF /* PBXTargetDependency */,
			);
			name = twitterTests;
			productName = twitterTests;
			productReference = 155658C22212272600F526EF /* twitterTests.xctest */;
			productType = "com.apple.product-type.bundle.unit-test";
		};
		155658CC2212272600F526EF /* twitterUITests */ = {
			isa = PBXNativeTarget;
			buildConfigurationList = 155658DC2212272600F526EF /* Build configuration list for PBXNativeTarget "twitterUITests" */;
			buildPhases = (
				155658C92212272600F526EF /* Sources */,
				155658CA2212272600F526EF /* Frameworks */,
				155658CB2212272600F526EF /* Resources */,
			);
			buildRules = (
			);
			dependencies = (
				155658CF2212272600F526EF /* PBXTargetDependency */,
			);
			name = twitterUITests;
			productName = twitterUITests;
			productReference = 155658CD2212272600F526EF /* twitterUITests.xctest */;
			productType = "com.apple.product-type.bundle.ui-testing";
		};
/* End PBXNativeTarget section */

/* Begin PBXProject section */
		155658A62212272500F526EF /* Project object */ = {
			isa = PBXProject;
			attributes = {
				LastSwiftUpdateCheck = 1010;
				LastUpgradeCheck = 1010;
				ORGANIZATIONNAME = codepath;
				TargetAttributes = {
					155658AD2212272500F526EF = {
						CreatedOnToolsVersion = 10.1;
					};
					155658C12212272600F526EF = {
						CreatedOnToolsVersion = 10.1;
						TestTargetID = 155658AD2212272500F526EF;
					};
					155658CC2212272600F526EF = {
						CreatedOnToolsVersion = 10.1;
						TestTargetID = 155658AD2212272500F526EF;
					};
				};
			};
			buildConfigurationList = 155658A92212272500F526EF /* Build configuration list for PBXProject "twitter" */;
			compatibilityVersion = "Xcode 9.3";
			developmentRegion = en;
			hasScannedForEncodings = 0;
			knownRegions = (
				en,
				Base,
			);
			mainGroup = 155658A52212272500F526EF;
			productRefGroup = 155658AF2212272500F526EF /* Products */;
			projectDirPath = "";
			projectRoot = "";
			targets = (
				155658AD2212272500F526EF /* twitter */,
				155658C12212272600F526EF /* twitterTests */,
				155658CC2212272600F526EF /* twitterUITests */,
			);
		};
/* End PBXProject section */

/* Begin PBXResourcesBuildPhase section */
		155658AC2212272500F526EF /* Resources */ = {
			isa = PBXResourcesBuildPhase;
			buildActionMask = 2147483647;
			files = (
				155658BC2212272600F526EF /* LaunchScreen.storyboard in Resources */,
				155658B92212272600F526EF /* Assets.xcassets in Resources */,
				155658B72212272500F526EF /* Main.storyboard in Resources */,
			);
			runOnlyForDeploymentPostprocessing = 0;
		};
		155658C02212272600F526EF /* Resources */ = {
			isa = PBXResourcesBuildPhase;
			buildActionMask = 2147483647;
			files = (
			);
			runOnlyForDeploymentPostprocessing = 0;
		};
		155658CB2212272600F526EF /* Resources */ = {
			isa = PBXResourcesBuildPhase;
			buildActionMask = 2147483647;
			files = (
			);
			runOnlyForDeploymentPostprocessing = 0;
		};
/* End PBXResourcesBuildPhase section */

/* Begin PBXSourcesBuildPhase section */
		155658AA2212272500F526EF /* Sources */ = {
			isa = PBXSourcesBuildPhase;
			buildActionMask = 2147483647;
			files = (
				155658B42212272500F526EF /* ViewController.swift in Sources */,
				155658B22212272500F526EF /* AppDelegate.swift in Sources */,
			);
			runOnlyForDeploymentPostprocessing = 0;
		};
		155658BE2212272600F526EF /* Sources */ = {
			isa = PBXSourcesBuildPhase;
			buildActionMask = 2147483647;
			files = (
				155658C72212272600F526EF /* twitterTests.swift in Sources */,
			);
			runOnlyForDeploymentPostprocessing = 0;
		};
		155658C92212272600F526EF /* Sources */ = {
			isa = PBXSourcesBuildPhase;
			buildActionMask = 2147483647;
			files = (
				155658D22212272600F526EF /* twitterUITests.swift in Sources */,
			);
			runOnlyForDeploymentPostprocessing = 0;
		};
/* End PBXSourcesBuildPhase section */

/* Begin PBXTargetDependency section */
		155658C42212272600F526EF /* PBXTargetDependency */ = {
			isa = PBXTargetDependency;
			target = 155658AD2212272500F526EF /* twitter */;
			targetProxy = 155658C32212272600F526EF /* PBXContainerItemProxy */;
		};
		155658CF2212272600F526EF /* PBXTargetDependency */ = {
			isa = PBXTargetDependency;
			target = 155658AD2212272500F526EF /* twitter */;
			targetProxy = 155658CE2212272600F526EF /* PBXContainerItemProxy */;
		};
/* End PBXTargetDependency section */

/* Begin PBXVariantGroup section */
		155658B52212272500F526EF /* Main.storyboard */ = {
			isa = PBXVariantGroup;
			children = (
				155658B62212272500F526EF /* Base */,
			);
			name = Main.storyboard;
			sourceTree = "<group>";
		};
		155658BA2212272600F526EF /* LaunchScreen.storyboard */ = {
			isa = PBXVariantGroup;
			children = (
				155658BB2212272600F526EF /* Base */,
			);
			name = LaunchScreen.storyboard;
			sourceTree = "<group>";
		};
/* End PBXVariantGroup section */

/* Begin XCBuildConfiguration section */
		155658D42212272600F526EF /* Debug */ = {
			isa = XCBuildConfiguration;
			buildSettings = {
				ALWAYS_SEARCH_USER_PATHS = NO;
				CLANG_ANALYZER_NONNULL = YES;
				CLANG_ANALYZER_NUMBER_OBJECT_CONVERSION = YES_AGGRESSIVE;
				CLANG_CXX_LANGUAGE_STANDARD = "gnu++14";
				CLANG_CXX_LIBRARY = "libc++";
				CLANG_ENABLE_MODULES = YES;
				CLANG_ENABLE_OBJC_ARC = YES;
				CLANG_ENABLE_OBJC_WEAK = YES;
				CLANG_WARN_BLOCK_CAPTURE_AUTORELEASING = YES;
				CLANG_WARN_BOOL_CONVERSION = YES;
				CLANG_WARN_COMMA = YES;
				CLANG_WARN_CONSTANT_CONVERSION = YES;
				CLANG_WARN_DEPRECATED_OBJC_IMPLEMENTATIONS = YES;
				CLANG_WARN_DIRECT_OBJC_ISA_USAGE = YES_ERROR;
				CLANG_WARN_DOCUMENTATION_COMMENTS = YES;
				CLANG_WARN_EMPTY_BODY = YES;
				CLANG_WARN_ENUM_CONVERSION = YES;
				CLANG_WARN_INFINITE_RECURSION = YES;
				CLANG_WARN_INT_CONVERSION = YES;
				CLANG_WARN_NON_LITERAL_NULL_CONVERSION = YES;
				CLANG_WARN_OBJC_IMPLICIT_RETAIN_SELF = YES;
				CLANG_WARN_OBJC_LITERAL_CONVERSION = YES;
				CLANG_WARN_OBJC_ROOT_CLASS = YES_ERROR;
				CLANG_WARN_RANGE_LOOP_ANALYSIS = YES;
				CLANG_WARN_STRICT_PROTOTYPES = YES;
				CLANG_WARN_SUSPICIOUS_MOVE = YES;
				CLANG_WARN_UNGUARDED_AVAILABILITY = YES_AGGRESSIVE;
				CLANG_WARN_UNREACHABLE_CODE = YES;
				CLANG_WARN__DUPLICATE_METHOD_MATCH = YES;
				CODE_SIGN_IDENTITY = "iPhone Developer";
				COPY_PHASE_STRIP = NO;
				DEBUG_INFORMATION_FORMAT = dwarf;
				ENABLE_STRICT_OBJC_MSGSEND = YES;
				ENABLE_TESTABILITY = YES;
				GCC_C_LANGUAGE_STANDARD = gnu11;
				GCC_DYNAMIC_NO_PIC = NO;
				GCC_NO_COMMON_BLOCKS = YES;
				GCC_OPTIMIZATION_LEVEL = 0;
				GCC_PREPROCESSOR_DEFINITIONS = (
					"DEBUG=1",
					"$(inherited)",
				);
				GCC_WARN_64_TO_32_BIT_CONVERSION = YES;
				GCC_WARN_ABOUT_RETURN_TYPE = YES_ERROR;
				GCC_WARN_UNDECLARED_SELECTOR = YES;
				GCC_WARN_UNINITIALIZED_AUTOS = YES_AGGRESSIVE;
				GCC_WARN_UNUSED_FUNCTION = YES;
				GCC_WARN_UNUSED_VARIABLE = YES;
				IPHONEOS_DEPLOYMENT_TARGET = 12.1;
				MTL_ENABLE_DEBUG_INFO = INCLUDE_SOURCE;
				MTL_FAST_MATH = YES;
				ONLY_ACTIVE_ARCH = YES;
				SDKROOT = iphoneos;
				SWIFT_ACTIVE_COMPILATION_CONDITIONS = DEBUG;
				SWIFT_OPTIMIZATION_LEVEL = "-Onone";
			};
			name = Debug;
		};
		155658D52212272600F526EF /* Release */ = {
			isa = XCBuildConfiguration;
			buildSettings = {
				ALWAYS_SEARCH_USER_PATHS = NO;
				CLANG_ANALYZER_NONNULL = YES;
				CLANG_ANALYZER_NUMBER_OBJECT_CONVERSION = YES_AGGRESSIVE;
				CLANG_CXX_LANGUAGE_STANDARD = "gnu++14";
				CLANG_CXX_LIBRARY = "libc++";
				CLANG_ENABLE_MODULES = YES;
				CLANG_ENABLE_OBJC_ARC = YES;
				CLANG_ENABLE_OBJC_WEAK = YES;
				CLANG_WARN_BLOCK_CAPTURE_AUTORELEASING = YES;
				CLANG_WARN_BOOL_CONVERSION = YES;
				CLANG_WARN_COMMA = YES;
				CLANG_WARN_CONSTANT_CONVERSION = YES;
				CLANG_WARN_DEPRECATED_OBJC_IMPLEMENTATIONS = YES;
				CLANG_WARN_DIRECT_OBJC_ISA_USAGE = YES_ERROR;
				CLANG_WARN_DOCUMENTATION_COMMENTS = YES;
				CLANG_WARN_EMPTY_BODY = YES;
				CLANG_WARN_ENUM_CONVERSION = YES;
				CLANG_WARN_INFINITE_RECURSION = YES;
				CLANG_WARN_INT_CONVERSION = YES;
				CLANG_WARN_NON_LITERAL_NULL_CONVERSION = YES;
				CLANG_WARN_OBJC_IMPLICIT_RETAIN_SELF = YES;
				CLANG_WARN_OBJC_LITERAL_CONVERSION = YES;
				CLANG_WARN_OBJC_ROOT_CLASS = YES_ERROR;
				CLANG_WARN_RANGE_LOOP_ANALYSIS = YES;
				CLANG_WARN_STRICT_PROTOTYPES = YES;
				CLANG_WARN_SUSPICIOUS_MOVE = YES;
				CLANG_WARN_UNGUARDED_AVAILABILITY = YES_AGGRESSIVE;
				CLANG_WARN_UNREACHABLE_CODE = YES;
				CLANG_WARN__DUPLICATE_METHOD_MATCH = YES;
				CODE_SIGN_IDENTITY = "iPhone Developer";
				COPY_PHASE_STRIP = NO;
				DEBUG_INFORMATION_FORMAT = "dwarf-with-dsym";
				ENABLE_NS_ASSERTIONS = NO;
				ENABLE_STRICT_OBJC_MSGSEND = YES;
				GCC_C_LANGUAGE_STANDARD = gnu11;
				GCC_NO_COMMON_BLOCKS = YES;
				GCC_WARN_64_TO_32_BIT_CONVERSION = YES;
				GCC_WARN_ABOUT_RETURN_TYPE = YES_ERROR;
				GCC_WARN_UNDECLARED_SELECTOR = YES;
				GCC_WARN_UNINITIALIZED_AUTOS = YES_AGGRESSIVE;
				GCC_WARN_UNUSED_FUNCTION = YES;
				GCC_WARN_UNUSED_VARIABLE = YES;
				IPHONEOS_DEPLOYMENT_TARGET = 12.1;
				MTL_ENABLE_DEBUG_INFO = NO;
				MTL_FAST_MATH = YES;
				SDKROOT = iphoneos;
				SWIFT_COMPILATION_MODE = wholemodule;
				SWIFT_OPTIMIZATION_LEVEL = "-O";
				VALIDATE_PRODUCT = YES;
			};
			name = Release;
		};
		155658D72212272600F526EF /* Debug */ = {
			isa = XCBuildConfiguration;
			buildSettings = {
				ASSETCATALOG_COMPILER_APPICON_NAME = AppIcon;
				CODE_SIGN_STYLE = Automatic;
				INFOPLIST_FILE = twitter/Info.plist;
				LD_RUNPATH_SEARCH_PATHS = (
					"$(inherited)",
					"@executable_path/Frameworks",
				);
				PRODUCT_BUNDLE_IDENTIFIER = "com.hello-world.twitter";
				PRODUCT_NAME = "$(TARGET_NAME)";
				SWIFT_VERSION = 4.2;
				TARGETED_DEVICE_FAMILY = "1,2";
			};
			name = Debug;
		};
		155658D82212272600F526EF /* Release */ = {
			isa = XCBuildConfiguration;
			buildSettings = {
				ASSETCATALOG_COMPILER_APPICON_NAME = AppIcon;
				CODE_SIGN_STYLE = Automatic;
				INFOPLIST_FILE = twitter/Info.plist;
				LD_RUNPATH_SEARCH_PATHS = (
					"$(inherited)",
					"@executable_path/Frameworks",
				);
				PRODUCT_BUNDLE_IDENTIFIER = "com.hello-world.twitter";
				PRODUCT_NAME = "$(TARGET_NAME)";
				SWIFT_VERSION = 4.2;
				TARGETED_DEVICE_FAMILY = "1,2";
			};
			name = Release;
		};
		155658DA2212272600F526EF /* Debug */ = {
			isa = XCBuildConfiguration;
			buildSettings = {
				ALWAYS_EMBED_SWIFT_STANDARD_LIBRARIES = YES;
				BUNDLE_LOADER = "$(TEST_HOST)";
				CODE_SIGN_STYLE = Automatic;
				INFOPLIST_FILE = twitterTests/Info.plist;
				LD_RUNPATH_SEARCH_PATHS = (
					"$(inherited)",
					"@executable_path/Frameworks",
					"@loader_path/Frameworks",
				);
				PRODUCT_BUNDLE_IDENTIFIER = "com.hello-world.twitterTests";
				PRODUCT_NAME = "$(TARGET_NAME)";
				SWIFT_VERSION = 4.2;
				TARGETED_DEVICE_FAMILY = "1,2";
				TEST_HOST = "$(BUILT_PRODUCTS_DIR)/twitter.app/twitter";
			};
			name = Debug;
		};
		155658DB2212272600F526EF /* Release */ = {
			isa = XCBuildConfiguration;
			buildSettings = {
				ALWAYS_EMBED_SWIFT_STANDARD_LIBRARIES = YES;
				BUNDLE_LOADER = "$(TEST_HOST)";
				CODE_SIGN_STYLE = Automatic;
				INFOPLIST_FILE = twitterTests/Info.plist;
				LD_RUNPATH_SEARCH_PATHS = (
					"$(inherited)",
					"@executable_path/Frameworks",
					"@loader_path/Frameworks",
				);
				PRODUCT_BUNDLE_IDENTIFIER = "com.hello-world.twitterTests";
				PRODUCT_NAME = "$(TARGET_NAME)";
				SWIFT_VERSION = 4.2;
				TARGETED_DEVICE_FAMILY = "1,2";
				TEST_HOST = "$(BUILT_PRODUCTS_DIR)/twitter.app/twitter";
			};
			name = Release;
		};
		155658DD2212272600F526EF /* Debug */ = {
			isa = XCBuildConfiguration;
			buildSettings = {
				ALWAYS_EMBED_SWIFT_STANDARD_LIBRARIES = YES;
				CODE_SIGN_STYLE = Automatic;
				INFOPLIST_FILE = twitterUITests/Info.plist;
				LD_RUNPATH_SEARCH_PATHS = (
					"$(inherited)",
					"@executable_path/Frameworks",
					"@loader_path/Frameworks",
				);
				PRODUCT_BUNDLE_IDENTIFIER = "com.hello-world.twitterUITests";
				PRODUCT_NAME = "$(TARGET_NAME)";
				SWIFT_VERSION = 4.2;
				TARGETED_DEVICE_FAMILY = "1,2";
				TEST_TARGET_NAME = twitter;
			};
			name = Debug;
		};
		155658DE2212272600F526EF /* Release */ = {
			isa = XCBuildConfiguration;
			buildSettings = {
				ALWAYS_EMBED_SWIFT_STANDARD_LIBRARIES = YES;
				CODE_SIGN_STYLE = Automatic;
				INFOPLIST_FILE = twitterUITests/Info.plist;
				LD_RUNPATH_SEARCH_PATHS = (
					"$(inherited)",
					"@executable_path/Frameworks",
					"@loader_path/Frameworks",
				);
				PRODUCT_BUNDLE_IDENTIFIER = "com.hello-world.twitterUITests";
				PRODUCT_NAME = "$(TARGET_NAME)";
				SWIFT_VERSION = 4.2;
				TARGETED_DEVICE_FAMILY = "1,2";
				TEST_TARGET_NAME = twitter;
			};
			name = Release;
		};
/* End XCBuildConfiguration section */

/* Begin XCConfigurationList section */
		155658A92212272500F526EF /* Build configuration list for PBXProject "twitter" */ = {
			isa = XCConfigurationList;
			buildConfigurations = (
				155658D42212272600F526EF /* Debug */,
				155658D52212272600F526EF /* Release */,
			);
			defaultConfigurationIsVisible = 0;
			defaultConfigurationName = Release;
		};
		155658D62212272600F526EF /* Build configuration list for PBXNativeTarget "twitter" */ = {
			isa = XCConfigurationList;
			buildConfigurations = (
				155658D72212272600F526EF /* Debug */,
				155658D82212272600F526EF /* Release */,
			);
			defaultConfigurationIsVisible = 0;
			defaultConfigurationName = Release;
		};
		155658D92212272600F526EF /* Build configuration list for PBXNativeTarget "twitterTests" */ = {
			isa = XCConfigurationList;
			buildConfigurations = (
				155658DA2212272600F526EF /* Debug */,
				155658DB2212272600F526EF /* Release */,
			);
			defaultConfigurationIsVisible = 0;
			defaultConfigurationName = Release;
		};
		155658DC2212272600F526EF /* Build configuration list for PBXNativeTarget "twitterUITests" */ = {
			isa = XCConfigurationList;
			buildConfigurations = (
				155658DD2212272600F526EF /* Debug */,
				155658DE2212272600F526EF /* Release */,
			);
			defaultConfigurationIsVisible = 0;
			defaultConfigurationName = Release;
		};
/* End XCConfigurationList section */
	};
	rootObject = 155658A62212272500F526EF /* Project object */;
}
